Microsoft Visual Studio Solution File, Format Version 12.00
# Visual Studio Version 17
VisualStudioVersion = 17.5.2.0
MinimumVisualStudioVersion = 10.0.40219.1
Project("{FAE04EC0-301F-11D3-BF4B-00C04F79EFBC}") = "euklides", "euklides.csproj", "{B04AB67B-1859-4FC0-06FF-093902A31705}"
EndProject
Global
	GlobalSection(SolutionConfigurationPlatforms) = preSolution
		Debug|Any CPU = Debug|Any CPU
		Release|Any CPU = Release|Any CPU
	EndGlobalSection
	GlobalSection(ProjectConfigurationPlatforms) = postSolution
		{B04AB67B-1859-4FC0-06FF-093902A31705}.Debug|Any CPU.ActiveCfg = Debug|Any CPU
		{B04AB67B-1859-4FC0-06FF-093902A31705}.Debug|Any CPU.Build.0 = Debug|Any CPU
		{B04AB67B-1859-4FC0-06FF-093902A31705}.Release|Any CPU.ActiveCfg = Release|Any CPU
		{B04AB67B-1859-4FC0-06FF-093902A31705}.Release|Any CPU.Build.0 = Release|Any CPU
	EndGlobalSection
	GlobalSection(SolutionProperties) = preSolution
		HideSolutionNode = FALSE
	EndGlobalSection
	GlobalSection(ExtensibilityGlobals) = postSolution
		SolutionGuid = {19C7F110-6221-449F-94DE-22131B1B88D9}
	EndGlobalSection
EndGlobal
