Microsoft Visual Studio Solution File, Format Version 12.00
# Visual Studio Version 17
VisualStudioVersion = 17.5.2.0
MinimumVisualStudioVersion = 10.0.40219.1
Project("{FAE04EC0-301F-11D3-BF4B-00C04F79EFBC}") = "gry_w_kosci", "gry_w_kosci.csproj", "{049176B5-7632-A096-7A15-59117926FA00}"
EndProject
Global
	GlobalSection(SolutionConfigurationPlatforms) = preSolution
		Debug|Any CPU = Debug|Any CPU
		Release|Any CPU = Release|Any CPU
	EndGlobalSection
	GlobalSection(ProjectConfigurationPlatforms) = postSolution
		{049176B5-7632-A096-7A15-59117926FA00}.Debug|Any CPU.ActiveCfg = Debug|Any CPU
		{049176B5-7632-A096-7A15-59117926FA00}.Debug|Any CPU.Build.0 = Debug|Any CPU
		{049176B5-7632-A096-7A15-59117926FA00}.Release|Any CPU.ActiveCfg = Release|Any CPU
		{049176B5-7632-A096-7A15-59117926FA00}.Release|Any CPU.Build.0 = Release|Any CPU
	EndGlobalSection
	GlobalSection(SolutionProperties) = preSolution
		HideSolutionNode = FALSE
	EndGlobalSection
	GlobalSection(ExtensibilityGlobals) = postSolution
		SolutionGuid = {A1BA09D7-CE2E-44F6-BE0A-396C3D3776CF}
	EndGlobalSection
EndGlobal
