Microsoft Visual Studio Solution File, Format Version 12.00
# Visual Studio Version 17
VisualStudioVersion = 17.5.2.0
MinimumVisualStudioVersion = 10.0.40219.1
Project("{FAE04EC0-301F-11D3-BF4B-00C04F79EFBC}") = "operacje_na_tablicach", "operacje_na_tablicach.csproj", "{FCCDCEFE-A61C-3463-4D76-19E52C2E193A}"
EndProject
Global
	GlobalSection(SolutionConfigurationPlatforms) = preSolution
		Debug|Any CPU = Debug|Any CPU
		Release|Any CPU = Release|Any CPU
	EndGlobalSection
	GlobalSection(ProjectConfigurationPlatforms) = postSolution
		{FCCDCEFE-A61C-3463-4D76-19E52C2E193A}.Debug|Any CPU.ActiveCfg = Debug|Any CPU
		{FCCDCEFE-A61C-3463-4D76-19E52C2E193A}.Debug|Any CPU.Build.0 = Debug|Any CPU
		{FCCDCEFE-A61C-3463-4D76-19E52C2E193A}.Release|Any CPU.ActiveCfg = Release|Any CPU
		{FCCDCEFE-A61C-3463-4D76-19E52C2E193A}.Release|Any CPU.Build.0 = Release|Any CPU
	EndGlobalSection
	GlobalSection(SolutionProperties) = preSolution
		HideSolutionNode = FALSE
	EndGlobalSection
	GlobalSection(ExtensibilityGlobals) = postSolution
		SolutionGuid = {E6A72362-18DD-4904-AF0F-F679BF0C38D4}
	EndGlobalSection
EndGlobal
